
Microsoft Visual Studio Solution File, Format Version 12.00
# Visual Studio Version 16
VisualStudioVersion = 16.0.30517.126
MinimumVisualStudioVersion = 10.0.40219.1
Project("{FAE04EC0-301F-11D3-BF4B-00C04F79EFBC}") = "Actividad02.NET", "Actividad02.NET\Actividad02.NET.csproj", "{C1F36985-D780-4102-8833-91C92A4ADA99}"
EndProject
Global
	GlobalSection(SolutionConfigurationPlatforms) = preSolution
		Debug|Any CPU = Debug|Any CPU
		Release|Any CPU = Release|Any CPU
	EndGlobalSection
	GlobalSection(ProjectConfigurationPlatforms) = postSolution
		{C1F36985-D780-4102-8833-91C92A4ADA99}.Debug|Any CPU.ActiveCfg = Debug|Any CPU
		{C1F36985-D780-4102-8833-91C92A4ADA99}.Debug|Any CPU.Build.0 = Debug|Any CPU
		{C1F36985-D780-4102-8833-91C92A4ADA99}.Release|Any CPU.ActiveCfg = Release|Any CPU
		{C1F36985-D780-4102-8833-91C92A4ADA99}.Release|Any CPU.Build.0 = Release|Any CPU
	EndGlobalSection
	GlobalSection(SolutionProperties) = preSolution
		HideSolutionNode = FALSE
	EndGlobalSection
	GlobalSection(ExtensibilityGlobals) = postSolution
		SolutionGuid = {871E2B8D-6812-4213-87A4-AE070B09A9ED}
	EndGlobalSection
EndGlobal
